// !$*UTF8*$!
{
	archiveVersion = 1;
	classes = {
	};
	objectVersion = 46;
	objects = {

/* Begin PBXBuildFile section */
		8458577CB2464D53876E6FF5 /* libPods.a in Frameworks */ = {isa = PBXBuildFile; fileRef = 3116EA558F914AE9B4639B68 /* libPods.a */; };
		CC87D7671950381F00DE3C71 /* CRNavigationBar.m in Sources */ = {isa = PBXBuildFile; fileRef = CC87D7641950381F00DE3C71 /* CRNavigationBar.m */; };
		CC87D7681950381F00DE3C71 /* CRNavigationController.m in Sources */ = {isa = PBXBuildFile; fileRef = CC87D7661950381F00DE3C71 /* CRNavigationController.m */; };
		CC87D76D1950382E00DE3C71 /* AppUtil.m in Sources */ = {isa = PBXBuildFile; fileRef = CC87D76B1950382E00DE3C71 /* AppUtil.m */; };
		CC87D770195038A700DE3C71 /* SMHC_GlobalAppearance.m in Sources */ = {isa = PBXBuildFile; fileRef = CC87D76F195038A700DE3C71 /* SMHC_GlobalAppearance.m */; };
		CC87D77419503A5600DE3C71 /* FlatFrameButton.m in Sources */ = {isa = PBXBuildFile; fileRef = CC87D77319503A5600DE3C71 /* FlatFrameButton.m */; };
		CC87D77719503A6600DE3C71 /* FlatFrameButton+Bootstrap.m in Sources */ = {isa = PBXBuildFile; fileRef = CC87D77519503A6600DE3C71 /* FlatFrameButton+Bootstrap.m */; };
		CC87D78A1950B3B600DE3C71 /* QuickTimer.m in Sources */ = {isa = PBXBuildFile; fileRef = CC87D7831950B3B600DE3C71 /* QuickTimer.m */; };
		CC87D78B1950B3B600DE3C71 /* BrushCanvas.m in Sources */ = {isa = PBXBuildFile; fileRef = CC87D7861950B3B600DE3C71 /* BrushCanvas.m */; };
		CC87D78C1950B3B600DE3C71 /* ColorPickerController.m in Sources */ = {isa = PBXBuildFile; fileRef = CC87D7881950B3B600DE3C71 /* ColorPickerController.m */; };
		CC87D78D1950B3B600DE3C71 /* ColorPickerController.xib in Resources */ = {isa = PBXBuildFile; fileRef = CC87D7891950B3B600DE3C71 /* ColorPickerController.xib */; };
		CC87D7911950B7D100DE3C71 /* SQLiteFMDBHelper.m in Sources */ = {isa = PBXBuildFile; fileRef = CC87D78F1950B7D100DE3C71 /* SQLiteFMDBHelper.m */; };
		CC87D79A1950B8D000DE3C71 /* SubjectsBLL.m in Sources */ = {isa = PBXBuildFile; fileRef = CC87D7921950B8D000DE3C71 /* SubjectsBLL.m */; };
		CC87D79B1950B8D000DE3C71 /* Subjects.m in Sources */ = {isa = PBXBuildFile; fileRef = CC87D7941950B8D000DE3C71 /* Subjects.m */; };
		CC87D79C1950B8D000DE3C71 /* ScaleReportBLL.m in Sources */ = {isa = PBXBuildFile; fileRef = CC87D7961950B8D000DE3C71 /* ScaleReportBLL.m */; };
		CC87D79D1950B8D000DE3C71 /* ScaleReport.m in Sources */ = {isa = PBXBuildFile; fileRef = CC87D7981950B8D000DE3C71 /* ScaleReport.m */; };
		CC87D79F19513E0000DE3C71 /* libsqlite3.dylib in Frameworks */ = {isa = PBXBuildFile; fileRef = CC87D79E19513E0000DE3C71 /* libsqlite3.dylib */; };
		CC87D7A119513E1600DE3C71 /* QuartzCore.framework in Frameworks */ = {isa = PBXBuildFile; fileRef = CC87D7A019513E1600DE3C71 /* QuartzCore.framework */; };
		CC87D7A319513EC700DE3C71 /* MainStoryboard.storyboard in Resources */ = {isa = PBXBuildFile; fileRef = CC87D7A219513EC700DE3C71 /* MainStoryboard.storyboard */; };
		CC87D7A519513EE600DE3C71 /* SampleStoryboard.storyboard in Resources */ = {isa = PBXBuildFile; fileRef = CC87D7A419513EE600DE3C71 /* SampleStoryboard.storyboard */; };
		CCBABDD7194FF5D3001B507C /* Foundation.framework in Frameworks */ = {isa = PBXBuildFile; fileRef = CCBABDD6194FF5D3001B507C /* Foundation.framework */; };
		CCBABDD9194FF5D3001B507C /* CoreGraphics.framework in Frameworks */ = {isa = PBXBuildFile; fileRef = CCBABDD8194FF5D3001B507C /* CoreGraphics.framework */; };
		CCBABDDB194FF5D3001B507C /* UIKit.framework in Frameworks */ = {isa = PBXBuildFile; fileRef = CCBABDDA194FF5D3001B507C /* UIKit.framework */; };
		CCBABDE1194FF5D3001B507C /* InfoPlist.strings in Resources */ = {isa = PBXBuildFile; fileRef = CCBABDDF194FF5D3001B507C /* InfoPlist.strings */; };
		CCBABDE3194FF5D3001B507C /* main.m in Sources */ = {isa = PBXBuildFile; fileRef = CCBABDE2194FF5D3001B507C /* main.m */; };
		CCBABDE7194FF5D3001B507C /* SMHC_AppDelegate.m in Sources */ = {isa = PBXBuildFile; fileRef = CCBABDE6194FF5D3001B507C /* SMHC_AppDelegate.m */; };
		CCBABDE9194FF5D3001B507C /* Images.xcassets in Resources */ = {isa = PBXBuildFile; fileRef = CCBABDE8194FF5D3001B507C /* Images.xcassets */; };
		CCBABDF0194FF5D3001B507C /* XCTest.framework in Frameworks */ = {isa = PBXBuildFile; fileRef = CCBABDEF194FF5D3001B507C /* XCTest.framework */; };
		CCBABDF1194FF5D3001B507C /* Foundation.framework in Frameworks */ = {isa = PBXBuildFile; fileRef = CCBABDD6194FF5D3001B507C /* Foundation.framework */; };
		CCBABDF2194FF5D3001B507C /* UIKit.framework in Frameworks */ = {isa = PBXBuildFile; fileRef = CCBABDDA194FF5D3001B507C /* UIKit.framework */; };
		CCBABDFA194FF5D3001B507C /* InfoPlist.strings in Resources */ = {isa = PBXBuildFile; fileRef = CCBABDF8194FF5D3001B507C /* InfoPlist.strings */; };
		CCBABDFC194FF5D3001B507C /* NTBELabsTests.m in Sources */ = {isa = PBXBuildFile; fileRef = CCBABDFB194FF5D3001B507C /* NTBELabsTests.m */; };
/* End PBXBuildFile section */

/* Begin PBXContainerItemProxy section */
		CCBABDF3194FF5D3001B507C /* PBXContainerItemProxy */ = {
			isa = PBXContainerItemProxy;
			containerPortal = CCBABDCB194FF5D2001B507C /* Project object */;
			proxyType = 1;
			remoteGlobalIDString = CCBABDD2194FF5D3001B507C;
			remoteInfo = NTBELabs;
		};
/* End PBXContainerItemProxy section */

/* Begin PBXFileReference section */
		2467F46188E542959098D12C /* Pods.xcconfig */ = {isa = PBXFileReference; includeInIndex = 1; lastKnownFileType = text.xcconfig; name = Pods.xcconfig; path = Pods/Pods.xcconfig; sourceTree = "<group>"; };
		3116EA558F914AE9B4639B68 /* libPods.a */ = {isa = PBXFileReference; explicitFileType = archive.ar; includeInIndex = 0; path = libPods.a; sourceTree = BUILT_PRODUCTS_DIR; };
		CC87D7631950381F00DE3C71 /* CRNavigationBar.h */ = {isa = PBXFileReference; fileEncoding = 4; lastKnownFileType = sourcecode.c.h; path = CRNavigationBar.h; sourceTree = "<group>"; };
		CC87D7641950381F00DE3C71 /* CRNavigationBar.m */ = {isa = PBXFileReference; fileEncoding = 4; lastKnownFileType = sourcecode.c.objc; path = CRNavigationBar.m; sourceTree = "<group>"; };
		CC87D7651950381F00DE3C71 /* CRNavigationController.h */ = {isa = PBXFileReference; fileEncoding = 4; lastKnownFileType = sourcecode.c.h; path = CRNavigationController.h; sourceTree = "<group>"; };
		CC87D7661950381F00DE3C71 /* CRNavigationController.m */ = {isa = PBXFileReference; fileEncoding = 4; lastKnownFileType = sourcecode.c.objc; path = CRNavigationController.m; sourceTree = "<group>"; };
		CC87D7691950382E00DE3C71 /* MacroUtils.h */ = {isa = PBXFileReference; fileEncoding = 4; lastKnownFileType = sourcecode.c.h; name = MacroUtils.h; path = utils/MacroUtils.h; sourceTree = "<group>"; };
		CC87D76A1950382E00DE3C71 /* Constants.h */ = {isa = PBXFileReference; fileEncoding = 4; lastKnownFileType = sourcecode.c.h; name = Constants.h; path = utils/Constants.h; sourceTree = "<group>"; };
		CC87D76B1950382E00DE3C71 /* AppUtil.m */ = {isa = PBXFileReference; fileEncoding = 4; lastKnownFileType = sourcecode.c.objc; name = AppUtil.m; path = utils/AppUtil.m; sourceTree = "<group>"; };
		CC87D76C1950382E00DE3C71 /* AppUtil.h */ = {isa = PBXFileReference; fileEncoding = 4; lastKnownFileType = sourcecode.c.h; name = AppUtil.h; path = utils/AppUtil.h; sourceTree = "<group>"; };
		CC87D76E195038A700DE3C71 /* SMHC_GlobalAppearance.h */ = {isa = PBXFileReference; fileEncoding = 4; lastKnownFileType = sourcecode.c.h; path = SMHC_GlobalAppearance.h; sourceTree = "<group>"; };
		CC87D76F195038A700DE3C71 /* SMHC_GlobalAppearance.m */ = {isa = PBXFileReference; fileEncoding = 4; lastKnownFileType = sourcecode.c.objc; path = SMHC_GlobalAppearance.m; sourceTree = "<group>"; };
		CC87D77219503A5600DE3C71 /* FlatFrameButton.h */ = {isa = PBXFileReference; fileEncoding = 4; lastKnownFileType = sourcecode.c.h; path = FlatFrameButton.h; sourceTree = "<group>"; };
		CC87D77319503A5600DE3C71 /* FlatFrameButton.m */ = {isa = PBXFileReference; fileEncoding = 4; lastKnownFileType = sourcecode.c.objc; path = FlatFrameButton.m; sourceTree = "<group>"; };
		CC87D77519503A6600DE3C71 /* FlatFrameButton+Bootstrap.m */ = {isa = PBXFileReference; fileEncoding = 4; lastKnownFileType = sourcecode.c.objc; name = "FlatFrameButton+Bootstrap.m"; path = "Categories/FlatFrameButton+Bootstrap.m"; sourceTree = "<group>"; };
		CC87D77619503A6600DE3C71 /* FlatFrameButton+Bootstrap.h */ = {isa = PBXFileReference; fileEncoding = 4; lastKnownFileType = sourcecode.c.h; name = "FlatFrameButton+Bootstrap.h"; path = "Categories/FlatFrameButton+Bootstrap.h"; sourceTree = "<group>"; };
		CC87D7821950B3B600DE3C71 /* QuickTimer.h */ = {isa = PBXFileReference; fileEncoding = 4; lastKnownFileType = sourcecode.c.h; path = QuickTimer.h; sourceTree = "<group>"; };
		CC87D7831950B3B600DE3C71 /* QuickTimer.m */ = {isa = PBXFileReference; fileEncoding = 4; lastKnownFileType = sourcecode.c.objc; path = QuickTimer.m; sourceTree = "<group>"; };
		CC87D7851950B3B600DE3C71 /* BrushCanvas.h */ = {isa = PBXFileReference; fileEncoding = 4; lastKnownFileType = sourcecode.c.h; path = BrushCanvas.h; sourceTree = "<group>"; };
		CC87D7861950B3B600DE3C71 /* BrushCanvas.m */ = {isa = PBXFileReference; fileEncoding = 4; lastKnownFileType = sourcecode.c.objc; path = BrushCanvas.m; sourceTree = "<group>"; };
		CC87D7871950B3B600DE3C71 /* ColorPickerController.h */ = {isa = PBXFileReference; fileEncoding = 4; lastKnownFileType = sourcecode.c.h; path = ColorPickerController.h; sourceTree = "<group>"; };
		CC87D7881950B3B600DE3C71 /* ColorPickerController.m */ = {isa = PBXFileReference; fileEncoding = 4; lastKnownFileType = sourcecode.c.objc; path = ColorPickerController.m; sourceTree = "<group>"; };
		CC87D7891950B3B600DE3C71 /* ColorPickerController.xib */ = {isa = PBXFileReference; fileEncoding = 4; lastKnownFileType = file.xib; path = ColorPickerController.xib; sourceTree = "<group>"; };
		CC87D78E1950B7D100DE3C71 /* SynthesizeSingleton.h */ = {isa = PBXFileReference; fileEncoding = 4; lastKnownFileType = sourcecode.c.h; name = SynthesizeSingleton.h; path = utils/SynthesizeSingleton.h; sourceTree = "<group>"; };
		CC87D78F1950B7D100DE3C71 /* SQLiteFMDBHelper.m */ = {isa = PBXFileReference; fileEncoding = 4; lastKnownFileType = sourcecode.c.objc; name = SQLiteFMDBHelper.m; path = utils/SQLiteFMDBHelper.m; sourceTree = "<group>"; };
		CC87D7901950B7D100DE3C71 /* SQLiteFMDBHelper.h */ = {isa = PBXFileReference; fileEncoding = 4; lastKnownFileType = sourcecode.c.h; name = SQLiteFMDBHelper.h; path = utils/SQLiteFMDBHelper.h; sourceTree = "<group>"; };
		CC87D7921950B8D000DE3C71 /* SubjectsBLL.m */ = {isa = PBXFileReference; fileEncoding = 4; lastKnownFileType = sourcecode.c.objc; name = SubjectsBLL.m; path = Model/SubjectsBLL.m; sourceTree = "<group>"; };
		CC87D7931950B8D000DE3C71 /* SubjectsBLL.h */ = {isa = PBXFileReference; fileEncoding = 4; lastKnownFileType = sourcecode.c.h; name = SubjectsBLL.h; path = Model/SubjectsBLL.h; sourceTree = "<group>"; };
		CC87D7941950B8D000DE3C71 /* Subjects.m */ = {isa = PBXFileReference; fileEncoding = 4; lastKnownFileType = sourcecode.c.objc; name = Subjects.m; path = Model/Subjects.m; sourceTree = "<group>"; };
		CC87D7951950B8D000DE3C71 /* Subjects.h */ = {isa = PBXFileReference; fileEncoding = 4; lastKnownFileType = sourcecode.c.h; name = Subjects.h; path = Model/Subjects.h; sourceTree = "<group>"; };
		CC87D7961950B8D000DE3C71 /* ScaleReportBLL.m */ = {isa = PBXFileReference; fileEncoding = 4; lastKnownFileType = sourcecode.c.objc; name = ScaleReportBLL.m; path = Model/ScaleReportBLL.m; sourceTree = "<group>"; };
		CC87D7971950B8D000DE3C71 /* ScaleReportBLL.h */ = {isa = PBXFileReference; fileEncoding = 4; lastKnownFileType = sourcecode.c.h; name = ScaleReportBLL.h; path = Model/ScaleReportBLL.h; sourceTree = "<group>"; };
		CC87D7981950B8D000DE3C71 /* ScaleReport.m */ = {isa = PBXFileReference; fileEncoding = 4; lastKnownFileType = sourcecode.c.objc; name = ScaleReport.m; path = Model/ScaleReport.m; sourceTree = "<group>"; };
		CC87D7991950B8D000DE3C71 /* ScaleReport.h */ = {isa = PBXFileReference; fileEncoding = 4; lastKnownFileType = sourcecode.c.h; name = ScaleReport.h; path = Model/ScaleReport.h; sourceTree = "<group>"; };
		CC87D79E19513E0000DE3C71 /* libsqlite3.dylib */ = {isa = PBXFileReference; lastKnownFileType = "compiled.mach-o.dylib"; name = libsqlite3.dylib; path = usr/lib/libsqlite3.dylib; sourceTree = SDKROOT; };
		CC87D7A019513E1600DE3C71 /* QuartzCore.framework */ = {isa = PBXFileReference; lastKnownFileType = wrapper.framework; name = QuartzCore.framework; path = System/Library/Frameworks/QuartzCore.framework; sourceTree = SDKROOT; };
		CC87D7A219513EC700DE3C71 /* MainStoryboard.storyboard */ = {isa = PBXFileReference; fileEncoding = 4; lastKnownFileType = file.storyboard; name = MainStoryboard.storyboard; path = Storyboards/MainStoryboard.storyboard; sourceTree = "<group>"; };
		CC87D7A419513EE600DE3C71 /* SampleStoryboard.storyboard */ = {isa = PBXFileReference; fileEncoding = 4; lastKnownFileType = file.storyboard; name = SampleStoryboard.storyboard; path = Storyboards/SampleStoryboard.storyboard; sourceTree = "<group>"; };
		CCBABDD3194FF5D3001B507C /* NTBELabs.app */ = {isa = PBXFileReference; explicitFileType = wrapper.application; includeInIndex = 0; path = NTBELabs.app; sourceTree = BUILT_PRODUCTS_DIR; };
		CCBABDD6194FF5D3001B507C /* Foundation.framework */ = {isa = PBXFileReference; lastKnownFileType = wrapper.framework; name = Foundation.framework; path = System/Library/Frameworks/Foundation.framework; sourceTree = SDKROOT; };
		CCBABDD8194FF5D3001B507C /* CoreGraphics.framework */ = {isa = PBXFileReference; lastKnownFileType = wrapper.framework; name = CoreGraphics.framework; path = System/Library/Frameworks/CoreGraphics.framework; sourceTree = SDKROOT; };
		CCBABDDA194FF5D3001B507C /* UIKit.framework */ = {isa = PBXFileReference; lastKnownFileType = wrapper.framework; name = UIKit.framework; path = System/Library/Frameworks/UIKit.framework; sourceTree = SDKROOT; };
		CCBABDDE194FF5D3001B507C /* NTBELabs-Info.plist */ = {isa = PBXFileReference; lastKnownFileType = text.plist.xml; path = "NTBELabs-Info.plist"; sourceTree = "<group>"; };
		CCBABDE0194FF5D3001B507C /* en */ = {isa = PBXFileReference; lastKnownFileType = text.plist.strings; name = en; path = en.lproj/InfoPlist.strings; sourceTree = "<group>"; };
		CCBABDE2194FF5D3001B507C /* main.m */ = {isa = PBXFileReference; lastKnownFileType = sourcecode.c.objc; path = main.m; sourceTree = "<group>"; };
		CCBABDE4194FF5D3001B507C /* NTBELabs-Prefix.pch */ = {isa = PBXFileReference; lastKnownFileType = sourcecode.c.h; path = "NTBELabs-Prefix.pch"; sourceTree = "<group>"; };
		CCBABDE5194FF5D3001B507C /* SMHC_AppDelegate.h */ = {isa = PBXFileReference; lastKnownFileType = sourcecode.c.h; path = SMHC_AppDelegate.h; sourceTree = "<group>"; };
		CCBABDE6194FF5D3001B507C /* SMHC_AppDelegate.m */ = {isa = PBXFileReference; lastKnownFileType = sourcecode.c.objc; path = SMHC_AppDelegate.m; sourceTree = "<group>"; };
		CCBABDE8194FF5D3001B507C /* Images.xcassets */ = {isa = PBXFileReference; lastKnownFileType = folder.assetcatalog; path = Images.xcassets; sourceTree = "<group>"; };
		CCBABDEE194FF5D3001B507C /* NTBELabsTests.xctest */ = {isa = PBXFileReference; explicitFileType = wrapper.cfbundle; includeInIndex = 0; path = NTBELabsTests.xctest; sourceTree = BUILT_PRODUCTS_DIR; };
		CCBABDEF194FF5D3001B507C /* XCTest.framework */ = {isa = PBXFileReference; lastKnownFileType = wrapper.framework; name = XCTest.framework; path = Library/Frameworks/XCTest.framework; sourceTree = DEVELOPER_DIR; };
		CCBABDF7194FF5D3001B507C /* NTBELabsTests-Info.plist */ = {isa = PBXFileReference; lastKnownFileType = text.plist.xml; path = "NTBELabsTests-Info.plist"; sourceTree = "<group>"; };
		CCBABDF9194FF5D3001B507C /* en */ = {isa = PBXFileReference; lastKnownFileType = text.plist.strings; name = en; path = en.lproj/InfoPlist.strings; sourceTree = "<group>"; };
		CCBABDFB194FF5D3001B507C /* NTBELabsTests.m */ = {isa = PBXFileReference; lastKnownFileType = sourcecode.c.objc; path = NTBELabsTests.m; sourceTree = "<group>"; };
/* End PBXFileReference section */

/* Begin PBXFrameworksBuildPhase section */
		CCBABDD0194FF5D3001B507C /* Frameworks */ = {
			isa = PBXFrameworksBuildPhase;
			buildActionMask = 2147483647;
			files = (
				CC87D7A119513E1600DE3C71 /* QuartzCore.framework in Frameworks */,
				CC87D79F19513E0000DE3C71 /* libsqlite3.dylib in Frameworks */,
				CCBABDD9194FF5D3001B507C /* CoreGraphics.framework in Frameworks */,
				CCBABDDB194FF5D3001B507C /* UIKit.framework in Frameworks */,
				CCBABDD7194FF5D3001B507C /* Foundation.framework in Frameworks */,
				8458577CB2464D53876E6FF5 /* libPods.a in Frameworks */,
			);
			runOnlyForDeploymentPostprocessing = 0;
		};
		CCBABDEB194FF5D3001B507C /* Frameworks */ = {
			isa = PBXFrameworksBuildPhase;
			buildActionMask = 2147483647;
			files = (
				CCBABDF0194FF5D3001B507C /* XCTest.framework in Frameworks */,
				CCBABDF2194FF5D3001B507C /* UIKit.framework in Frameworks */,
				CCBABDF1194FF5D3001B507C /* Foundation.framework in Frameworks */,
			);
			runOnlyForDeploymentPostprocessing = 0;
		};
/* End PBXFrameworksBuildPhase section */

/* Begin PBXGroup section */
		CC87D75F1950353A00DE3C71 /* Model */ = {
			isa = PBXGroup;
			children = (
				CC87D7921950B8D000DE3C71 /* SubjectsBLL.m */,
				CC87D7931950B8D000DE3C71 /* SubjectsBLL.h */,
				CC87D7941950B8D000DE3C71 /* Subjects.m */,
				CC87D7951950B8D000DE3C71 /* Subjects.h */,
				CC87D7961950B8D000DE3C71 /* ScaleReportBLL.m */,
				CC87D7971950B8D000DE3C71 /* ScaleReportBLL.h */,
				CC87D7981950B8D000DE3C71 /* ScaleReport.m */,
				CC87D7991950B8D000DE3C71 /* ScaleReport.h */,
			);
			name = Model;
			sourceTree = "<group>";
		};
		CC87D7601950354B00DE3C71 /* Vendor */ = {
			isa = PBXGroup;
			children = (
				CC87D7811950B3B600DE3C71 /* QuickTimer */,
				CC87D7841950B3B600DE3C71 /* BrushTool */,
				CC87D77119503A5600DE3C71 /* FlatFrameButton */,
				CC87D7621950381F00DE3C71 /* CRNavigationController */,
			);
			name = Vendor;
			sourceTree = "<group>";
		};
		CC87D7611950355500DE3C71 /* Categories */ = {
			isa = PBXGroup;
			children = (
				CC87D77619503A6600DE3C71 /* FlatFrameButton+Bootstrap.h */,
				CC87D77519503A6600DE3C71 /* FlatFrameButton+Bootstrap.m */,
			);
			name = Categories;
			sourceTree = "<group>";
		};
		CC87D7621950381F00DE3C71 /* CRNavigationController */ = {
			isa = PBXGroup;
			children = (
				CC87D7631950381F00DE3C71 /* CRNavigationBar.h */,
				CC87D7641950381F00DE3C71 /* CRNavigationBar.m */,
				CC87D7651950381F00DE3C71 /* CRNavigationController.h */,
				CC87D7661950381F00DE3C71 /* CRNavigationController.m */,
			);
			name = CRNavigationController;
			path = Vendor/CRNavigationController;
			sourceTree = "<group>";
		};
		CC87D77119503A5600DE3C71 /* FlatFrameButton */ = {
			isa = PBXGroup;
			children = (
				CC87D77219503A5600DE3C71 /* FlatFrameButton.h */,
				CC87D77319503A5600DE3C71 /* FlatFrameButton.m */,
			);
			name = FlatFrameButton;
			path = Vendor/FlatFrameButton;
			sourceTree = "<group>";
		};
		CC87D7811950B3B600DE3C71 /* QuickTimer */ = {
			isa = PBXGroup;
			children = (
				CC87D7821950B3B600DE3C71 /* QuickTimer.h */,
				CC87D7831950B3B600DE3C71 /* QuickTimer.m */,
			);
			name = QuickTimer;
			path = Vendor/QuickTimer;
			sourceTree = "<group>";
		};
		CC87D7841950B3B600DE3C71 /* BrushTool */ = {
			isa = PBXGroup;
			children = (
				CC87D7851950B3B600DE3C71 /* BrushCanvas.h */,
				CC87D7861950B3B600DE3C71 /* BrushCanvas.m */,
				CC87D7871950B3B600DE3C71 /* ColorPickerController.h */,
				CC87D7881950B3B600DE3C71 /* ColorPickerController.m */,
				CC87D7891950B3B600DE3C71 /* ColorPickerController.xib */,
			);
			name = BrushTool;
			path = Vendor/BrushTool;
			sourceTree = "<group>";
		};
		CCBABDCA194FF5D2001B507C = {
			isa = PBXGroup;
			children = (
				CCBABDDC194FF5D3001B507C /* NTBELabs */,
				CCBABDF5194FF5D3001B507C /* NTBELabsTests */,
				CCBABDD5194FF5D3001B507C /* Frameworks */,
				CCBABDD4194FF5D3001B507C /* Products */,
				2467F46188E542959098D12C /* Pods.xcconfig */,
			);
			sourceTree = "<group>";
		};
		CCBABDD4194FF5D3001B507C /* Products */ = {
			isa = PBXGroup;
			children = (
				CCBABDD3194FF5D3001B507C /* NTBELabs.app */,
				CCBABDEE194FF5D3001B507C /* NTBELabsTests.xctest */,
			);
			name = Products;
			sourceTree = "<group>";
		};
		CCBABDD5194FF5D3001B507C /* Frameworks */ = {
			isa = PBXGroup;
			children = (
				CC87D7A019513E1600DE3C71 /* QuartzCore.framework */,
				CC87D79E19513E0000DE3C71 /* libsqlite3.dylib */,
				CCBABDD6194FF5D3001B507C /* Foundation.framework */,
				CCBABDD8194FF5D3001B507C /* CoreGraphics.framework */,
				CCBABDDA194FF5D3001B507C /* UIKit.framework */,
				CCBABDEF194FF5D3001B507C /* XCTest.framework */,
				3116EA558F914AE9B4639B68 /* libPods.a */,
			);
			name = Frameworks;
			sourceTree = "<group>";
		};
		CCBABDDC194FF5D3001B507C /* NTBELabs */ = {
			isa = PBXGroup;
			children = (
				CC87D7611950355500DE3C71 /* Categories */,
				CC87D7601950354B00DE3C71 /* Vendor */,
				CC87D75F1950353A00DE3C71 /* Model */,
				CCBABE0819500276001B507C /* utils */,
				CCBABE071950026C001B507C /* ViewControllers */,
				CCBABE0619500264001B507C /* Views */,
				CCBABE0519500246001B507C /* Storyboards */,
				CCBABDE5194FF5D3001B507C /* SMHC_AppDelegate.h */,
				CCBABDE6194FF5D3001B507C /* SMHC_AppDelegate.m */,
				CC87D76E195038A700DE3C71 /* SMHC_GlobalAppearance.h */,
				CC87D76F195038A700DE3C71 /* SMHC_GlobalAppearance.m */,
				CCBABDDD194FF5D3001B507C /* Supporting Files */,
			);
			path = NTBELabs;
			sourceTree = "<group>";
		};
		CCBABDDD194FF5D3001B507C /* Supporting Files */ = {
			isa = PBXGroup;
			children = (
				CCBABDE8194FF5D3001B507C /* Images.xcassets */,
				CCBABDDE194FF5D3001B507C /* NTBELabs-Info.plist */,
				CCBABDDF194FF5D3001B507C /* InfoPlist.strings */,
				CCBABDE2194FF5D3001B507C /* main.m */,
				CCBABDE4194FF5D3001B507C /* NTBELabs-Prefix.pch */,
			);
			name = "Supporting Files";
			sourceTree = "<group>";
		};
		CCBABDF5194FF5D3001B507C /* NTBELabsTests */ = {
			isa = PBXGroup;
			children = (
				CCBABDFB194FF5D3001B507C /* NTBELabsTests.m */,
				CCBABDF6194FF5D3001B507C /* Supporting Files */,
			);
			path = NTBELabsTests;
			sourceTree = "<group>";
		};
		CCBABDF6194FF5D3001B507C /* Supporting Files */ = {
			isa = PBXGroup;
			children = (
				CCBABDF7194FF5D3001B507C /* NTBELabsTests-Info.plist */,
				CCBABDF8194FF5D3001B507C /* InfoPlist.strings */,
			);
			name = "Supporting Files";
			sourceTree = "<group>";
		};
		CCBABE0519500246001B507C /* Storyboards */ = {
			isa = PBXGroup;
			children = (
				CC87D7A219513EC700DE3C71 /* MainStoryboard.storyboard */,
				CC87D7A419513EE600DE3C71 /* SampleStoryboard.storyboard */,
			);
			name = Storyboards;
			sourceTree = "<group>";
		};
		CCBABE0619500264001B507C /* Views */ = {
			isa = PBXGroup;
			children = (
			);
			name = Views;
			sourceTree = "<group>";
		};
		CCBABE071950026C001B507C /* ViewControllers */ = {
			isa = PBXGroup;
			children = (
			);
			name = ViewControllers;
			sourceTree = "<group>";
		};
		CCBABE0819500276001B507C /* utils */ = {
			isa = PBXGroup;
			children = (
				CC87D78E1950B7D100DE3C71 /* SynthesizeSingleton.h */,
				CC87D78F1950B7D100DE3C71 /* SQLiteFMDBHelper.m */,
				CC87D7901950B7D100DE3C71 /* SQLiteFMDBHelper.h */,
				CC87D7691950382E00DE3C71 /* MacroUtils.h */,
				CC87D76A1950382E00DE3C71 /* Constants.h */,
				CC87D76C1950382E00DE3C71 /* AppUtil.h */,
				CC87D76B1950382E00DE3C71 /* AppUtil.m */,
			);
			name = utils;
			sourceTree = "<group>";
		};
/* End PBXGroup section */

/* Begin PBXNativeTarget section */
		CCBABDD2194FF5D3001B507C /* NTBELabs */ = {
			isa = PBXNativeTarget;
			buildConfigurationList = CCBABDFF194FF5D3001B507C /* Build configuration list for PBXNativeTarget "NTBELabs" */;
			buildPhases = (
				B49011E517CE445888027718 /* Check Pods Manifest.lock */,
				CCBABDCF194FF5D3001B507C /* Sources */,
				CCBABDD0194FF5D3001B507C /* Frameworks */,
				CCBABDD1194FF5D3001B507C /* Resources */,
				0D0652C3FBF9408E9CA816DE /* Copy Pods Resources */,
			);
			buildRules = (
			);
			dependencies = (
			);
			name = NTBELabs;
			productName = NTBELabs;
			productReference = CCBABDD3194FF5D3001B507C /* NTBELabs.app */;
			productType = "com.apple.product-type.application";
		};
		CCBABDED194FF5D3001B507C /* NTBELabsTests */ = {
			isa = PBXNativeTarget;
			buildConfigurationList = CCBABE02194FF5D3001B507C /* Build configuration list for PBXNativeTarget "NTBELabsTests" */;
			buildPhases = (
				CCBABDEA194FF5D3001B507C /* Sources */,
				CCBABDEB194FF5D3001B507C /* Frameworks */,
				CCBABDEC194FF5D3001B507C /* Resources */,
			);
			buildRules = (
			);
			dependencies = (
				CCBABDF4194FF5D3001B507C /* PBXTargetDependency */,
			);
			name = NTBELabsTests;
			productName = NTBELabsTests;
			productReference = CCBABDEE194FF5D3001B507C /* NTBELabsTests.xctest */;
			productType = "com.apple.product-type.bundle.unit-test";
		};
/* End PBXNativeTarget section */

/* Begin PBXProject section */
		CCBABDCB194FF5D2001B507C /* Project object */ = {
			isa = PBXProject;
			attributes = {
				CLASSPREFIX = SMHC_;
				LastUpgradeCheck = 0510;
				ORGANIZATIONNAME = alexday;
				TargetAttributes = {
					CCBABDD2194FF5D3001B507C = {
						DevelopmentTeam = F5MGSVX52L;
					};
					CCBABDED194FF5D3001B507C = {
						TestTargetID = CCBABDD2194FF5D3001B507C;
					};
				};
			};
			buildConfigurationList = CCBABDCE194FF5D2001B507C /* Build configuration list for PBXProject "NTBELabs" */;
			compatibilityVersion = "Xcode 3.2";
			developmentRegion = English;
			hasScannedForEncodings = 0;
			knownRegions = (
				en,
			);
			mainGroup = CCBABDCA194FF5D2001B507C;
			productRefGroup = CCBABDD4194FF5D3001B507C /* Products */;
			projectDirPath = "";
			projectRoot = "";
			targets = (
				CCBABDD2194FF5D3001B507C /* NTBELabs */,
				CCBABDED194FF5D3001B507C /* NTBELabsTests */,
			);
		};
/* End PBXProject section */

/* Begin PBXResourcesBuildPhase section */
		CCBABDD1194FF5D3001B507C /* Resources */ = {
			isa = PBXResourcesBuildPhase;
			buildActionMask = 2147483647;
			files = (
				CCBABDE1194FF5D3001B507C /* InfoPlist.strings in Resources */,
				CC87D7A519513EE600DE3C71 /* SampleStoryboard.storyboard in Resources */,
				CC87D78D1950B3B600DE3C71 /* ColorPickerController.xib in Resources */,
				CC87D7A319513EC700DE3C71 /* MainStoryboard.storyboard in Resources */,
				CCBABDE9194FF5D3001B507C /* Images.xcassets in Resources */,
			);
			runOnlyForDeploymentPostprocessing = 0;
		};
		CCBABDEC194FF5D3001B507C /* Resources */ = {
			isa = PBXResourcesBuildPhase;
			buildActionMask = 2147483647;
			files = (
				CCBABDFA194FF5D3001B507C /* InfoPlist.strings in Resources */,
			);
			runOnlyForDeploymentPostprocessing = 0;
		};
/* End PBXResourcesBuildPhase section */

/* Begin PBXShellScriptBuildPhase section */
		0D0652C3FBF9408E9CA816DE /* Copy Pods Resources */ = {
			isa = PBXShellScriptBuildPhase;
			buildActionMask = 2147483647;
			files = (
			);
			inputPaths = (
			);
			name = "Copy Pods Resources";
			outputPaths = (
			);
			runOnlyForDeploymentPostprocessing = 0;
			shellPath = /bin/sh;
			shellScript = "\"${SRCROOT}/Pods/Pods-resources.sh\"\n";
			showEnvVarsInLog = 0;
		};
		B49011E517CE445888027718 /* Check Pods Manifest.lock */ = {
			isa = PBXShellScriptBuildPhase;
			buildActionMask = 2147483647;
			files = (
			);
			inputPaths = (
			);
			name = "Check Pods Manifest.lock";
			outputPaths = (
			);
			runOnlyForDeploymentPostprocessing = 0;
			shellPath = /bin/sh;
			shellScript = "diff \"${PODS_ROOT}/../Podfile.lock\" \"${PODS_ROOT}/Manifest.lock\" > /dev/null\nif [[ $? != 0 ]] ; then\n    cat << EOM\nerror: The sandbox is not in sync with the Podfile.lock. Run 'pod install' or update your CocoaPods installation.\nEOM\n    exit 1\nfi\n";
			showEnvVarsInLog = 0;
		};
/* End PBXShellScriptBuildPhase section */

/* Begin PBXSourcesBuildPhase section */
		CCBABDCF194FF5D3001B507C /* Sources */ = {
			isa = PBXSourcesBuildPhase;
			buildActionMask = 2147483647;
			files = (
				CC87D7681950381F00DE3C71 /* CRNavigationController.m in Sources */,
				CCBABDE3194FF5D3001B507C /* main.m in Sources */,
				CCBABDE7194FF5D3001B507C /* SMHC_AppDelegate.m in Sources */,
				CC87D7671950381F00DE3C71 /* CRNavigationBar.m in Sources */,
				CC87D79B1950B8D000DE3C71 /* Subjects.m in Sources */,
				CC87D7911950B7D100DE3C71 /* SQLiteFMDBHelper.m in Sources */,
				CC87D78B1950B3B600DE3C71 /* BrushCanvas.m in Sources */,
				CC87D76D1950382E00DE3C71 /* AppUtil.m in Sources */,
				CC87D79C1950B8D000DE3C71 /* ScaleReportBLL.m in Sources */,
				CC87D78C1950B3B600DE3C71 /* ColorPickerController.m in Sources */,
				CC87D79A1950B8D000DE3C71 /* SubjectsBLL.m in Sources */,
				CC87D77719503A6600DE3C71 /* FlatFrameButton+Bootstrap.m in Sources */,
				CC87D79D1950B8D000DE3C71 /* ScaleReport.m in Sources */,
				CC87D78A1950B3B600DE3C71 /* QuickTimer.m in Sources */,
				CC87D770195038A700DE3C71 /* SMHC_GlobalAppearance.m in Sources */,
				CC87D77419503A5600DE3C71 /* FlatFrameButton.m in Sources */,
			);
			runOnlyForDeploymentPostprocessing = 0;
		};
		CCBABDEA194FF5D3001B507C /* Sources */ = {
			isa = PBXSourcesBuildPhase;
			buildActionMask = 2147483647;
			files = (
				CCBABDFC194FF5D3001B507C /* NTBELabsTests.m in Sources */,
			);
			runOnlyForDeploymentPostprocessing = 0;
		};
/* End PBXSourcesBuildPhase section */

/* Begin PBXTargetDependency section */
		CCBABDF4194FF5D3001B507C /* PBXTargetDependency */ = {
			isa = PBXTargetDependency;
			target = CCBABDD2194FF5D3001B507C /* NTBELabs */;
			targetProxy = CCBABDF3194FF5D3001B507C /* PBXContainerItemProxy */;
		};
/* End PBXTargetDependency section */

/* Begin PBXVariantGroup section */
		CCBABDDF194FF5D3001B507C /* InfoPlist.strings */ = {
			isa = PBXVariantGroup;
			children = (
				CCBABDE0194FF5D3001B507C /* en */,
			);
			name = InfoPlist.strings;
			sourceTree = "<group>";
		};
		CCBABDF8194FF5D3001B507C /* InfoPlist.strings */ = {
			isa = PBXVariantGroup;
			children = (
				CCBABDF9194FF5D3001B507C /* en */,
			);
			name = InfoPlist.strings;
			sourceTree = "<group>";
		};
/* End PBXVariantGroup section */

/* Begin XCBuildConfiguration section */
		CCBABDFD194FF5D3001B507C /* Debug */ = {
			isa = XCBuildConfiguration;
			buildSettings = {
				ALWAYS_SEARCH_USER_PATHS = NO;
				CLANG_CXX_LANGUAGE_STANDARD = "gnu++0x";
				CLANG_CXX_LIBRARY = "libc++";
				CLANG_ENABLE_MODULES = YES;
				CLANG_ENABLE_OBJC_ARC = YES;
				CLANG_WARN_BOOL_CONVERSION = YES;
				CLANG_WARN_CONSTANT_CONVERSION = YES;
				CLANG_WARN_DIRECT_OBJC_ISA_USAGE = YES_ERROR;
				CLANG_WARN_EMPTY_BODY = YES;
				CLANG_WARN_ENUM_CONVERSION = YES;
				CLANG_WARN_INT_CONVERSION = YES;
				CLANG_WARN_OBJC_ROOT_CLASS = YES_ERROR;
				CLANG_WARN__DUPLICATE_METHOD_MATCH = YES;
				"CODE_SIGN_IDENTITY[sdk=iphoneos*]" = "iPhone Developer";
				COPY_PHASE_STRIP = NO;
				GCC_C_LANGUAGE_STANDARD = gnu99;
				GCC_DYNAMIC_NO_PIC = NO;
				GCC_OPTIMIZATION_LEVEL = 0;
				GCC_PREPROCESSOR_DEFINITIONS = (
					"DEBUG=1",
					"$(inherited)",
				);
				GCC_SYMBOLS_PRIVATE_EXTERN = NO;
				GCC_WARN_64_TO_32_BIT_CONVERSION = YES;
				GCC_WARN_ABOUT_RETURN_TYPE = YES_ERROR;
				GCC_WARN_UNDECLARED_SELECTOR = YES;
				GCC_WARN_UNINITIALIZED_AUTOS = YES_AGGRESSIVE;
				GCC_WARN_UNUSED_FUNCTION = YES;
				GCC_WARN_UNUSED_VARIABLE = YES;
				IPHONEOS_DEPLOYMENT_TARGET = 7.1;
				ONLY_ACTIVE_ARCH = YES;
				SDKROOT = iphoneos;
				TARGETED_DEVICE_FAMILY = 2;
			};
			name = Debug;
		};
		CCBABDFE194FF5D3001B507C /* Release */ = {
			isa = XCBuildConfiguration;
			buildSettings = {
				ALWAYS_SEARCH_USER_PATHS = NO;
				CLANG_CXX_LANGUAGE_STANDARD = "gnu++0x";
				CLANG_CXX_LIBRARY = "libc++";
				CLANG_ENABLE_MODULES = YES;
				CLANG_ENABLE_OBJC_ARC = YES;
				CLANG_WARN_BOOL_CONVERSION = YES;
				CLANG_WARN_CONSTANT_CONVERSION = YES;
				CLANG_WARN_DIRECT_OBJC_ISA_USAGE = YES_ERROR;
				CLANG_WARN_EMPTY_BODY = YES;
				CLANG_WARN_ENUM_CONVERSION = YES;
				CLANG_WARN_INT_CONVERSION = YES;
				CLANG_WARN_OBJC_ROOT_CLASS = YES_ERROR;
				CLANG_WARN__DUPLICATE_METHOD_MATCH = YES;
				"CODE_SIGN_IDENTITY[sdk=iphoneos*]" = "iPhone Developer";
				COPY_PHASE_STRIP = YES;
				ENABLE_NS_ASSERTIONS = NO;
				GCC_C_LANGUAGE_STANDARD = gnu99;
				GCC_WARN_64_TO_32_BIT_CONVERSION = YES;
				GCC_WARN_ABOUT_RETURN_TYPE = YES_ERROR;
				GCC_WARN_UNDECLARED_SELECTOR = YES;
				GCC_WARN_UNINITIALIZED_AUTOS = YES_AGGRESSIVE;
				GCC_WARN_UNUSED_FUNCTION = YES;
				GCC_WARN_UNUSED_VARIABLE = YES;
				IPHONEOS_DEPLOYMENT_TARGET = 7.1;
				SDKROOT = iphoneos;
				TARGETED_DEVICE_FAMILY = 2;
				VALIDATE_PRODUCT = YES;
			};
			name = Release;
		};
		CCBABE00194FF5D3001B507C /* Debug */ = {
			isa = XCBuildConfiguration;
			baseConfigurationReference = 2467F46188E542959098D12C /* Pods.xcconfig */;
			buildSettings = {
				ASSETCATALOG_COMPILER_APPICON_NAME = AppIcon;
				ASSETCATALOG_COMPILER_LAUNCHIMAGE_NAME = LaunchImage;
				CODE_SIGN_IDENTITY = "iPhone Developer";
				GCC_PRECOMPILE_PREFIX_HEADER = YES;
				GCC_PREFIX_HEADER = "NTBELabs/NTBELabs-Prefix.pch";
				INFOPLIST_FILE = "NTBELabs/NTBELabs-Info.plist";
				PRODUCT_NAME = "$(TARGET_NAME)";
				WRAPPER_EXTENSION = app;
			};
			name = Debug;
		};
		CCBABE01194FF5D3001B507C /* Release */ = {
			isa = XCBuildConfiguration;
			baseConfigurationReference = 2467F46188E542959098D12C /* Pods.xcconfig */;
			buildSettings = {
				ASSETCATALOG_COMPILER_APPICON_NAME = AppIcon;
				ASSETCATALOG_COMPILER_LAUNCHIMAGE_NAME = LaunchImage;
				CODE_SIGN_IDENTITY = "iPhone Developer";
				GCC_PRECOMPILE_PREFIX_HEADER = YES;
				GCC_PREFIX_HEADER = "NTBELabs/NTBELabs-Prefix.pch";
				INFOPLIST_FILE = "NTBELabs/NTBELabs-Info.plist";
				PRODUCT_NAME = "$(TARGET_NAME)";
				WRAPPER_EXTENSION = app;
			};
			name = Release;
		};
		CCBABE03194FF5D3001B507C /* Debug */ = {
			isa = XCBuildConfiguration;
			buildSettings = {
				BUNDLE_LOADER = "$(BUILT_PRODUCTS_DIR)/NTBELabs.app/NTBELabs";
				FRAMEWORK_SEARCH_PATHS = (
					"$(SDKROOT)/Developer/Library/Frameworks",
					"$(inherited)",
					"$(DEVELOPER_FRAMEWORKS_DIR)",
				);
				GCC_PRECOMPILE_PREFIX_HEADER = YES;
				GCC_PREFIX_HEADER = "NTBELabs/NTBELabs-Prefix.pch";
				GCC_PREPROCESSOR_DEFINITIONS = (
					"DEBUG=1",
					"$(inherited)",
				);
				INFOPLIST_FILE = "NTBELabsTests/NTBELabsTests-Info.plist";
				PRODUCT_NAME = "$(TARGET_NAME)";
				TEST_HOST = "$(BUNDLE_LOADER)";
				WRAPPER_EXTENSION = xctest;
			};
			name = Debug;
		};
		CCBABE04194FF5D3001B507C /* Release */ = {
			isa = XCBuildConfiguration;
			buildSettings = {
				BUNDLE_LOADER = "$(BUILT_PRODUCTS_DIR)/NTBELabs.app/NTBELabs";
				FRAMEWORK_SEARCH_PATHS = (
					"$(SDKROOT)/Developer/Library/Frameworks",
					"$(inherited)",
					"$(DEVELOPER_FRAMEWORKS_DIR)",
				);
				GCC_PRECOMPILE_PREFIX_HEADER = YES;
				GCC_PREFIX_HEADER = "NTBELabs/NTBELabs-Prefix.pch";
				INFOPLIST_FILE = "NTBELabsTests/NTBELabsTests-Info.plist";
				PRODUCT_NAME = "$(TARGET_NAME)";
				TEST_HOST = "$(BUNDLE_LOADER)";
				WRAPPER_EXTENSION = xctest;
			};
			name = Release;
		};
/* End XCBuildConfiguration section */

/* Begin XCConfigurationList section */
		CCBABDCE194FF5D2001B507C /* Build configuration list for PBXProject "NTBELabs" */ = {
			isa = XCConfigurationList;
			buildConfigurations = (
				CCBABDFD194FF5D3001B507C /* Debug */,
				CCBABDFE194FF5D3001B507C /* Release */,
			);
			defaultConfigurationIsVisible = 0;
			defaultConfigurationName = Release;
		};
		CCBABDFF194FF5D3001B507C /* Build configuration list for PBXNativeTarget "NTBELabs" */ = {
			isa = XCConfigurationList;
			buildConfigurations = (
				CCBABE00194FF5D3001B507C /* Debug */,
				CCBABE01194FF5D3001B507C /* Release */,
			);
			defaultConfigurationIsVisible = 0;
			defaultConfigurationName = Release;
		};
		CCBABE02194FF5D3001B507C /* Build configuration list for PBXNativeTarget "NTBELabsTests" */ = {
			isa = XCConfigurationList;
			buildConfigurations = (
				CCBABE03194FF5D3001B507C /* Debug */,
				CCBABE04194FF5D3001B507C /* Release */,
			);
			defaultConfigurationIsVisible = 0;
			defaultConfigurationName = Release;
		};
/* End XCConfigurationList section */
	};
	rootObject = CCBABDCB194FF5D2001B507C /* Project object */;
}
